
Microsoft Visual Studio Solution File, Format Version 12.00
# Visual Studio Version 16
VisualStudioVersion = 16.0.28315.86
MinimumVisualStudioVersion = 10.0.40219.1
Project("{FAE04EC0-301F-11D3-BF4B-00C04F79EFBC}") = "TestApp", "TestApp\TestApp.csproj", "{08FA4AD4-AB63-4F81-AB39-900F5D6A4462}"
EndProject
Project("{FAE04EC0-301F-11D3-BF4B-00C04F79EFBC}") = "UwpTestApp", "UwpTestApp\UwpTestApp.csproj", "{E6400260-53D5-431C-B7CE-EFB5DC9E2ED9}"
EndProject
Project("{2150E333-8FDC-42A3-9474-1A3956D46DE8}") = "TestApps", "TestApps", "{E8744906-07B5-4C3C-BD76-D95972B7257A}"
EndProject
Project("{9A19103F-16F7-4668-BE54-9A1E7A4F7556}") = "TestAppNetCore", "TestAppNetCore\TestAppNetCore.csproj", "{634E2D1B-4718-4E00-809F-B0303B814BFF}"
EndProject
Project("{9A19103F-16F7-4668-BE54-9A1E7A4F7556}") = "UniversalWPF.RelativePanel", "UniversalWPF.RelativePanel\UniversalWPF.RelativePanel.csproj", "{24032014-1DA5-43E4-936E-5B7D0EEA8A15}"
EndProject
Project("{9A19103F-16F7-4668-BE54-9A1E7A4F7556}") = "UniversalWPF.SplitView", "UniversalWPF.SplitView\UniversalWPF.SplitView.csproj", "{F3BAD196-2F0C-4302-AB89-8C7F1362568D}"
EndProject
Project("{9A19103F-16F7-4668-BE54-9A1E7A4F7556}") = "UniversalWPF.StateTriggers", "UniversalWPF.StateTriggers\UniversalWPF.StateTriggers.csproj", "{601A0FBA-133A-4E0E-9955-1EB01FC8EB11}"
EndProject
Project("{2150E333-8FDC-42A3-9474-1A3956D46DE8}") = "UniversalWPF", "UniversalWPF", "{B5FEDF42-ECF4-4667-A3AD-A4417EA85F8C}"
EndProject
Project("{2150E333-8FDC-42A3-9474-1A3956D46DE8}") = "Solution Items", "Solution Items", "{F80FAAEB-EAC6-4C69-BB98-DA20DA811A34}"
	ProjectSection(SolutionItems) = preProject
		Directory.Build.Props = Directory.Build.Props
		Directory.Build.Targets = Directory.Build.Targets
	EndProjectSection
EndProject
Project("{2150E333-8FDC-42A3-9474-1A3956D46DE8}") = "UnitTests", "UnitTests", "{6EEBFF80-CA81-4664-BD51-ED975915ED11}"
EndProject
Project("{FAE04EC0-301F-11D3-BF4B-00C04F79EFBC}") = "UnitTests.NetFX", "UnitTests\UnitTests.NetFX\UnitTests.NetFX.csproj", "{014537EB-BCB4-44D9-AA5B-3FD2EA88F8BD}"
EndProject
Project("{9A19103F-16F7-4668-BE54-9A1E7A4F7556}") = "UniversalWPF.TwoPaneView", "UniversalWPF.TwoPaneView\UniversalWPF.TwoPaneView.csproj", "{35A9821F-AFA5-425E-8068-8E55E8826BD5}"
EndProject
Project("{9A19103F-16F7-4668-BE54-9A1E7A4F7556}") = "UniversalWPF.NumberBox", "UniversalWPF.NumberBox\UniversalWPF.NumberBox.csproj", "{772521BE-445E-45C4-B44C-F1F21F261141}"
EndProject
Global
	GlobalSection(SolutionConfigurationPlatforms) = preSolution
		Debug|Any CPU = Debug|Any CPU
		Debug|ARM = Debug|ARM
		Debug|x64 = Debug|x64
		Debug|x86 = Debug|x86
		Release|Any CPU = Release|Any CPU
		Release|ARM = Release|ARM
		Release|x64 = Release|x64
		Release|x86 = Release|x86
	EndGlobalSection
	GlobalSection(ProjectConfigurationPlatforms) = postSolution
		{08FA4AD4-AB63-4F81-AB39-900F5D6A4462}.Debug|Any CPU.ActiveCfg = Debug|Any CPU
		{08FA4AD4-AB63-4F81-AB39-900F5D6A4462}.Debug|Any CPU.Build.0 = Debug|Any CPU
		{08FA4AD4-AB63-4F81-AB39-900F5D6A4462}.Debug|ARM.ActiveCfg = Debug|Any CPU
		{08FA4AD4-AB63-4F81-AB39-900F5D6A4462}.Debug|ARM.Build.0 = Debug|Any CPU
		{08FA4AD4-AB63-4F81-AB39-900F5D6A4462}.Debug|x64.ActiveCfg = Debug|Any CPU
		{08FA4AD4-AB63-4F81-AB39-900F5D6A4462}.Debug|x64.Build.0 = Debug|Any CPU
		{08FA4AD4-AB63-4F81-AB39-900F5D6A4462}.Debug|x86.ActiveCfg = Debug|Any CPU
		{08FA4AD4-AB63-4F81-AB39-900F5D6A4462}.Debug|x86.Build.0 = Debug|Any CPU
		{08FA4AD4-AB63-4F81-AB39-900F5D6A4462}.Release|Any CPU.ActiveCfg = Release|Any CPU
		{08FA4AD4-AB63-4F81-AB39-900F5D6A4462}.Release|Any CPU.Build.0 = Release|Any CPU
		{08FA4AD4-AB63-4F81-AB39-900F5D6A4462}.Release|ARM.ActiveCfg = Release|Any CPU
		{08FA4AD4-AB63-4F81-AB39-900F5D6A4462}.Release|ARM.Build.0 = Release|Any CPU
		{08FA4AD4-AB63-4F81-AB39-900F5D6A4462}.Release|x64.ActiveCfg = Release|Any CPU
		{08FA4AD4-AB63-4F81-AB39-900F5D6A4462}.Release|x64.Build.0 = Release|Any CPU
		{08FA4AD4-AB63-4F81-AB39-900F5D6A4462}.Release|x86.ActiveCfg = Release|Any CPU
		{08FA4AD4-AB63-4F81-AB39-900F5D6A4462}.Release|x86.Build.0 = Release|Any CPU
		{E6400260-53D5-431C-B7CE-EFB5DC9E2ED9}.Debug|Any CPU.ActiveCfg = Debug|x86
		{E6400260-53D5-431C-B7CE-EFB5DC9E2ED9}.Debug|Any CPU.Build.0 = Debug|x86
		{E6400260-53D5-431C-B7CE-EFB5DC9E2ED9}.Debug|Any CPU.Deploy.0 = Debug|x86
		{E6400260-53D5-431C-B7CE-EFB5DC9E2ED9}.Debug|ARM.ActiveCfg = Debug|ARM
		{E6400260-53D5-431C-B7CE-EFB5DC9E2ED9}.Debug|ARM.Build.0 = Debug|ARM
		{E6400260-53D5-431C-B7CE-EFB5DC9E2ED9}.Debug|ARM.Deploy.0 = Debug|ARM
		{E6400260-53D5-431C-B7CE-EFB5DC9E2ED9}.Debug|x64.ActiveCfg = Debug|x64
		{E6400260-53D5-431C-B7CE-EFB5DC9E2ED9}.Debug|x64.Build.0 = Debug|x64
		{E6400260-53D5-431C-B7CE-EFB5DC9E2ED9}.Debug|x64.Deploy.0 = Debug|x64
		{E6400260-53D5-431C-B7CE-EFB5DC9E2ED9}.Debug|x86.ActiveCfg = Debug|x86
		{E6400260-53D5-431C-B7CE-EFB5DC9E2ED9}.Debug|x86.Build.0 = Debug|x86
		{E6400260-53D5-431C-B7CE-EFB5DC9E2ED9}.Debug|x86.Deploy.0 = Debug|x86
		{E6400260-53D5-431C-B7CE-EFB5DC9E2ED9}.Release|Any CPU.ActiveCfg = Release|x86
		{E6400260-53D5-431C-B7CE-EFB5DC9E2ED9}.Release|ARM.ActiveCfg = Release|ARM
		{E6400260-53D5-431C-B7CE-EFB5DC9E2ED9}.Release|ARM.Build.0 = Release|ARM
		{E6400260-53D5-431C-B7CE-EFB5DC9E2ED9}.Release|ARM.Deploy.0 = Release|ARM
		{E6400260-53D5-431C-B7CE-EFB5DC9E2ED9}.Release|x64.ActiveCfg = Release|x64
		{E6400260-53D5-431C-B7CE-EFB5DC9E2ED9}.Release|x64.Build.0 = Release|x64
		{E6400260-53D5-431C-B7CE-EFB5DC9E2ED9}.Release|x64.Deploy.0 = Release|x64
		{E6400260-53D5-431C-B7CE-EFB5DC9E2ED9}.Release|x86.ActiveCfg = Release|x86
		{E6400260-53D5-431C-B7CE-EFB5DC9E2ED9}.Release|x86.Build.0 = Release|x86
		{E6400260-53D5-431C-B7CE-EFB5DC9E2ED9}.Release|x86.Deploy.0 = Release|x86
		{634E2D1B-4718-4E00-809F-B0303B814BFF}.Debug|Any CPU.ActiveCfg = Debug|Any CPU
		{634E2D1B-4718-4E00-809F-B0303B814BFF}.Debug|Any CPU.Build.0 = Debug|Any CPU
		{634E2D1B-4718-4E00-809F-B0303B814BFF}.Debug|ARM.ActiveCfg = Debug|Any CPU
		{634E2D1B-4718-4E00-809F-B0303B814BFF}.Debug|ARM.Build.0 = Debug|Any CPU
		{634E2D1B-4718-4E00-809F-B0303B814BFF}.Debug|x64.ActiveCfg = Debug|Any CPU
		{634E2D1B-4718-4E00-809F-B0303B814BFF}.Debug|x64.Build.0 = Debug|Any CPU
		{634E2D1B-4718-4E00-809F-B0303B814BFF}.Debug|x86.ActiveCfg = Debug|Any CPU
		{634E2D1B-4718-4E00-809F-B0303B814BFF}.Debug|x86.Build.0 = Debug|Any CPU
		{634E2D1B-4718-4E00-809F-B0303B814BFF}.Release|Any CPU.ActiveCfg = Release|Any CPU
		{634E2D1B-4718-4E00-809F-B0303B814BFF}.Release|Any CPU.Build.0 = Release|Any CPU
		{634E2D1B-4718-4E00-809F-B0303B814BFF}.Release|ARM.ActiveCfg = Release|Any CPU
		{634E2D1B-4718-4E00-809F-B0303B814BFF}.Release|ARM.Build.0 = Release|Any CPU
		{634E2D1B-4718-4E00-809F-B0303B814BFF}.Release|x64.ActiveCfg = Release|Any CPU
		{634E2D1B-4718-4E00-809F-B0303B814BFF}.Release|x64.Build.0 = Release|Any CPU
		{634E2D1B-4718-4E00-809F-B0303B814BFF}.Release|x86.ActiveCfg = Release|Any CPU
		{634E2D1B-4718-4E00-809F-B0303B814BFF}.Release|x86.Build.0 = Release|Any CPU
		{24032014-1DA5-43E4-936E-5B7D0EEA8A15}.Debug|Any CPU.ActiveCfg = Debug|Any CPU
		{24032014-1DA5-43E4-936E-5B7D0EEA8A15}.Debug|Any CPU.Build.0 = Debug|Any CPU
		{24032014-1DA5-43E4-936E-5B7D0EEA8A15}.Debug|ARM.ActiveCfg = Debug|Any CPU
		{24032014-1DA5-43E4-936E-5B7D0EEA8A15}.Debug|ARM.Build.0 = Debug|Any CPU
		{24032014-1DA5-43E4-936E-5B7D0EEA8A15}.Debug|x64.ActiveCfg = Debug|Any CPU
		{24032014-1DA5-43E4-936E-5B7D0EEA8A15}.Debug|x64.Build.0 = Debug|Any CPU
		{24032014-1DA5-43E4-936E-5B7D0EEA8A15}.Debug|x86.ActiveCfg = Debug|Any CPU
		{24032014-1DA5-43E4-936E-5B7D0EEA8A15}.Debug|x86.Build.0 = Debug|Any CPU
		{24032014-1DA5-43E4-936E-5B7D0EEA8A15}.Release|Any CPU.ActiveCfg = Release|Any CPU
		{24032014-1DA5-43E4-936E-5B7D0EEA8A15}.Release|Any CPU.Build.0 = Release|Any CPU
		{24032014-1DA5-43E4-936E-5B7D0EEA8A15}.Release|ARM.ActiveCfg = Release|Any CPU
		{24032014-1DA5-43E4-936E-5B7D0EEA8A15}.Release|ARM.Build.0 = Release|Any CPU
		{24032014-1DA5-43E4-936E-5B7D0EEA8A15}.Release|x64.ActiveCfg = Release|Any CPU
		{24032014-1DA5-43E4-936E-5B7D0EEA8A15}.Release|x64.Build.0 = Release|Any CPU
		{24032014-1DA5-43E4-936E-5B7D0EEA8A15}.Release|x86.ActiveCfg = Release|Any CPU
		{24032014-1DA5-43E4-936E-5B7D0EEA8A15}.Release|x86.Build.0 = Release|Any CPU
		{F3BAD196-2F0C-4302-AB89-8C7F1362568D}.Debug|Any CPU.ActiveCfg = Debug|Any CPU
		{F3BAD196-2F0C-4302-AB89-8C7F1362568D}.Debug|Any CPU.Build.0 = Debug|Any CPU
		{F3BAD196-2F0C-4302-AB89-8C7F1362568D}.Debug|ARM.ActiveCfg = Debug|Any CPU
		{F3BAD196-2F0C-4302-AB89-8C7F1362568D}.Debug|ARM.Build.0 = Debug|Any CPU
		{F3BAD196-2F0C-4302-AB89-8C7F1362568D}.Debug|x64.ActiveCfg = Debug|Any CPU
		{F3BAD196-2F0C-4302-AB89-8C7F1362568D}.Debug|x64.Build.0 = Debug|Any CPU
		{F3BAD196-2F0C-4302-AB89-8C7F1362568D}.Debug|x86.ActiveCfg = Debug|Any CPU
		{F3BAD196-2F0C-4302-AB89-8C7F1362568D}.Debug|x86.Build.0 = Debug|Any CPU
		{F3BAD196-2F0C-4302-AB89-8C7F1362568D}.Release|Any CPU.ActiveCfg = Release|Any CPU
		{F3BAD196-2F0C-4302-AB89-8C7F1362568D}.Release|Any CPU.Build.0 = Release|Any CPU
		{F3BAD196-2F0C-4302-AB89-8C7F1362568D}.Release|ARM.ActiveCfg = Release|Any CPU
		{F3BAD196-2F0C-4302-AB89-8C7F1362568D}.Release|ARM.Build.0 = Release|Any CPU
		{F3BAD196-2F0C-4302-AB89-8C7F1362568D}.Release|x64.ActiveCfg = Release|Any CPU
		{F3BAD196-2F0C-4302-AB89-8C7F1362568D}.Release|x64.Build.0 = Release|Any CPU
		{F3BAD196-2F0C-4302-AB89-8C7F1362568D}.Release|x86.ActiveCfg = Release|Any CPU
		{F3BAD196-2F0C-4302-AB89-8C7F1362568D}.Release|x86.Build.0 = Release|Any CPU
		{601A0FBA-133A-4E0E-9955-1EB01FC8EB11}.Debug|Any CPU.ActiveCfg = Debug|Any CPU
		{601A0FBA-133A-4E0E-9955-1EB01FC8EB11}.Debug|Any CPU.Build.0 = Debug|Any CPU
		{601A0FBA-133A-4E0E-9955-1EB01FC8EB11}.Debug|ARM.ActiveCfg = Debug|Any CPU
		{601A0FBA-133A-4E0E-9955-1EB01FC8EB11}.Debug|ARM.Build.0 = Debug|Any CPU
		{601A0FBA-133A-4E0E-9955-1EB01FC8EB11}.Debug|x64.ActiveCfg = Debug|Any CPU
		{601A0FBA-133A-4E0E-9955-1EB01FC8EB11}.Debug|x64.Build.0 = Debug|Any CPU
		{601A0FBA-133A-4E0E-9955-1EB01FC8EB11}.Debug|x86.ActiveCfg = Debug|Any CPU
		{601A0FBA-133A-4E0E-9955-1EB01FC8EB11}.Debug|x86.Build.0 = Debug|Any CPU
		{601A0FBA-133A-4E0E-9955-1EB01FC8EB11}.Release|Any CPU.ActiveCfg = Release|Any CPU
		{601A0FBA-133A-4E0E-9955-1EB01FC8EB11}.Release|Any CPU.Build.0 = Release|Any CPU
		{601A0FBA-133A-4E0E-9955-1EB01FC8EB11}.Release|ARM.ActiveCfg = Release|Any CPU
		{601A0FBA-133A-4E0E-9955-1EB01FC8EB11}.Release|ARM.Build.0 = Release|Any CPU
		{601A0FBA-133A-4E0E-9955-1EB01FC8EB11}.Release|x64.ActiveCfg = Release|Any CPU
		{601A0FBA-133A-4E0E-9955-1EB01FC8EB11}.Release|x64.Build.0 = Release|Any CPU
		{601A0FBA-133A-4E0E-9955-1EB01FC8EB11}.Release|x86.ActiveCfg = Release|Any CPU
		{601A0FBA-133A-4E0E-9955-1EB01FC8EB11}.Release|x86.Build.0 = Release|Any CPU
		{014537EB-BCB4-44D9-AA5B-3FD2EA88F8BD}.Debug|Any CPU.ActiveCfg = Debug|Any CPU
		{014537EB-BCB4-44D9-AA5B-3FD2EA88F8BD}.Debug|Any CPU.Build.0 = Debug|Any CPU
		{014537EB-BCB4-44D9-AA5B-3FD2EA88F8BD}.Debug|ARM.ActiveCfg = Debug|Any CPU
		{014537EB-BCB4-44D9-AA5B-3FD2EA88F8BD}.Debug|ARM.Build.0 = Debug|Any CPU
		{014537EB-BCB4-44D9-AA5B-3FD2EA88F8BD}.Debug|x64.ActiveCfg = Debug|Any CPU
		{014537EB-BCB4-44D9-AA5B-3FD2EA88F8BD}.Debug|x64.Build.0 = Debug|Any CPU
		{014537EB-BCB4-44D9-AA5B-3FD2EA88F8BD}.Debug|x86.ActiveCfg = Debug|Any CPU
		{014537EB-BCB4-44D9-AA5B-3FD2EA88F8BD}.Debug|x86.Build.0 = Debug|Any CPU
		{014537EB-BCB4-44D9-AA5B-3FD2EA88F8BD}.Release|Any CPU.ActiveCfg = Release|Any CPU
		{014537EB-BCB4-44D9-AA5B-3FD2EA88F8BD}.Release|Any CPU.Build.0 = Release|Any CPU
		{014537EB-BCB4-44D9-AA5B-3FD2EA88F8BD}.Release|ARM.ActiveCfg = Release|Any CPU
		{014537EB-BCB4-44D9-AA5B-3FD2EA88F8BD}.Release|ARM.Build.0 = Release|Any CPU
		{014537EB-BCB4-44D9-AA5B-3FD2EA88F8BD}.Release|x64.ActiveCfg = Release|Any CPU
		{014537EB-BCB4-44D9-AA5B-3FD2EA88F8BD}.Release|x64.Build.0 = Release|Any CPU
		{014537EB-BCB4-44D9-AA5B-3FD2EA88F8BD}.Release|x86.ActiveCfg = Release|Any CPU
		{014537EB-BCB4-44D9-AA5B-3FD2EA88F8BD}.Release|x86.Build.0 = Release|Any CPU
		{35A9821F-AFA5-425E-8068-8E55E8826BD5}.Debug|Any CPU.ActiveCfg = Debug|Any CPU
		{35A9821F-AFA5-425E-8068-8E55E8826BD5}.Debug|Any CPU.Build.0 = Debug|Any CPU
		{35A9821F-AFA5-425E-8068-8E55E8826BD5}.Debug|ARM.ActiveCfg = Debug|Any CPU
		{35A9821F-AFA5-425E-8068-8E55E8826BD5}.Debug|ARM.Build.0 = Debug|Any CPU
		{35A9821F-AFA5-425E-8068-8E55E8826BD5}.Debug|x64.ActiveCfg = Debug|Any CPU
		{35A9821F-AFA5-425E-8068-8E55E8826BD5}.Debug|x64.Build.0 = Debug|Any CPU
		{35A9821F-AFA5-425E-8068-8E55E8826BD5}.Debug|x86.ActiveCfg = Debug|Any CPU
		{35A9821F-AFA5-425E-8068-8E55E8826BD5}.Debug|x86.Build.0 = Debug|Any CPU
		{35A9821F-AFA5-425E-8068-8E55E8826BD5}.Release|Any CPU.ActiveCfg = Release|Any CPU
		{35A9821F-AFA5-425E-8068-8E55E8826BD5}.Release|Any CPU.Build.0 = Release|Any CPU
		{35A9821F-AFA5-425E-8068-8E55E8826BD5}.Release|ARM.ActiveCfg = Release|Any CPU
		{35A9821F-AFA5-425E-8068-8E55E8826BD5}.Release|ARM.Build.0 = Release|Any CPU
		{35A9821F-AFA5-425E-8068-8E55E8826BD5}.Release|x64.ActiveCfg = Release|Any CPU
		{35A9821F-AFA5-425E-8068-8E55E8826BD5}.Release|x64.Build.0 = Release|Any CPU
		{35A9821F-AFA5-425E-8068-8E55E8826BD5}.Release|x86.ActiveCfg = Release|Any CPU
		{35A9821F-AFA5-425E-8068-8E55E8826BD5}.Release|x86.Build.0 = Release|Any CPU
		{772521BE-445E-45C4-B44C-F1F21F261141}.Debug|Any CPU.ActiveCfg = Debug|Any CPU
		{772521BE-445E-45C4-B44C-F1F21F261141}.Debug|Any CPU.Build.0 = Debug|Any CPU
		{772521BE-445E-45C4-B44C-F1F21F261141}.Debug|ARM.ActiveCfg = Debug|Any CPU
		{772521BE-445E-45C4-B44C-F1F21F261141}.Debug|ARM.Build.0 = Debug|Any CPU
		{772521BE-445E-45C4-B44C-F1F21F261141}.Debug|x64.ActiveCfg = Debug|Any CPU
		{772521BE-445E-45C4-B44C-F1F21F261141}.Debug|x64.Build.0 = Debug|Any CPU
		{772521BE-445E-45C4-B44C-F1F21F261141}.Debug|x86.ActiveCfg = Debug|Any CPU
		{772521BE-445E-45C4-B44C-F1F21F261141}.Debug|x86.Build.0 = Debug|Any CPU
		{772521BE-445E-45C4-B44C-F1F21F261141}.Release|Any CPU.ActiveCfg = Release|Any CPU
		{772521BE-445E-45C4-B44C-F1F21F261141}.Release|Any CPU.Build.0 = Release|Any CPU
		{772521BE-445E-45C4-B44C-F1F21F261141}.Release|ARM.ActiveCfg = Release|Any CPU
		{772521BE-445E-45C4-B44C-F1F21F261141}.Release|ARM.Build.0 = Release|Any CPU
		{772521BE-445E-45C4-B44C-F1F21F261141}.Release|x64.ActiveCfg = Release|Any CPU
		{772521BE-445E-45C4-B44C-F1F21F261141}.Release|x64.Build.0 = Release|Any CPU
		{772521BE-445E-45C4-B44C-F1F21F261141}.Release|x86.ActiveCfg = Release|Any CPU
		{772521BE-445E-45C4-B44C-F1F21F261141}.Release|x86.Build.0 = Release|Any CPU
	EndGlobalSection
	GlobalSection(SolutionProperties) = preSolution
		HideSolutionNode = FALSE
	EndGlobalSection
	GlobalSection(NestedProjects) = preSolution
		{08FA4AD4-AB63-4F81-AB39-900F5D6A4462} = {E8744906-07B5-4C3C-BD76-D95972B7257A}
		{E6400260-53D5-431C-B7CE-EFB5DC9E2ED9} = {E8744906-07B5-4C3C-BD76-D95972B7257A}
		{634E2D1B-4718-4E00-809F-B0303B814BFF} = {E8744906-07B5-4C3C-BD76-D95972B7257A}
		{24032014-1DA5-43E4-936E-5B7D0EEA8A15} = {B5FEDF42-ECF4-4667-A3AD-A4417EA85F8C}
		{F3BAD196-2F0C-4302-AB89-8C7F1362568D} = {B5FEDF42-ECF4-4667-A3AD-A4417EA85F8C}
		{601A0FBA-133A-4E0E-9955-1EB01FC8EB11} = {B5FEDF42-ECF4-4667-A3AD-A4417EA85F8C}
		{014537EB-BCB4-44D9-AA5B-3FD2EA88F8BD} = {6EEBFF80-CA81-4664-BD51-ED975915ED11}
		{35A9821F-AFA5-425E-8068-8E55E8826BD5} = {B5FEDF42-ECF4-4667-A3AD-A4417EA85F8C}
		{772521BE-445E-45C4-B44C-F1F21F261141} = {B5FEDF42-ECF4-4667-A3AD-A4417EA85F8C}
	EndGlobalSection
	GlobalSection(ExtensibilityGlobals) = postSolution
		SolutionGuid = {2060D0EF-6346-4994-9126-E9AC3ACF3252}
	EndGlobalSection
EndGlobal
